{
    "requires": true,
    "lockfileVersion": 1,
    "dependencies": {
        "adjust-sourcemap-loader": {
            "version": "1.2.0",
            "resolved": "https://registry.npm.taobao.org/adjust-sourcemap-loader/download/adjust-sourcemap-loader-1.2.0.tgz",
            "integrity": "sha1-4z/eleUNufKoAuNkfjEdL8UADGk=",
            "dev": true,
            "requires": {
                "assert": "1.5.0",
                "camelcase": "1.2.1",
                "loader-utils": "1.2.3",
                "lodash.assign": "4.2.0",
                "lodash.defaults": "3.1.2",
                "object-path": "0.9.2",
                "regex-parser": "2.2.10"
            },
            "dependencies": {
                "camelcase": {
                    "version": "1.2.1",
                    "resolved": "https://registry.npm.taobao.org/camelcase/download/camelcase-1.2.1.tgz",
                    "integrity": "sha1-m7UwTS4LVmmLLHWLCKPqqdqlijk=",
                    "dev": true
                },
                "lodash.defaults": {
                    "version": "3.1.2",
                    "resolved": "http://registry.npm.taobao.org/lodash.defaults/download/lodash.defaults-3.1.2.tgz",
                    "integrity": "sha1-xzCLGNv4vJNy1wGnNJPGEZK9Liw=",
                    "dev": true,
                    "requires": {
                        "lodash.assign": "3.2.0",
                        "lodash.restparam": "3.6.1"
                    },
                    "dependencies": {
                        "lodash.assign": {
                            "version": "3.2.0",
                            "resolved": "http://registry.npm.taobao.org/lodash.assign/download/lodash.assign-3.2.0.tgz",
                            "integrity": "sha1-POnwI0tLIiPilrj6CsH+6OvKZPo=",
                            "dev": true,
                            "requires": {
                                "lodash._baseassign": "3.2.0",
                                "lodash._createassigner": "3.1.1",
                                "lodash.keys": "3.1.2"
                            }
                        }
                    }
                }
            }
        },
        "anymatch": {
            "version": "3.0.2",
            "resolved": "https://registry.npm.taobao.org/anymatch/download/anymatch-3.0.2.tgz",
            "integrity": "sha1-3bOoSV1Eh1Qjr3uRmqzhHpFzKkE=",
            "dev": true,
            "requires": {
                "normalize-path": "3.0.0",
                "picomatch": "2.0.7"
            }
        },
        "assert": {
            "version": "1.5.0",
            "resolved": "https://registry.npm.taobao.org/assert/download/assert-1.5.0.tgz",
            "integrity": "sha1-VcEJqvbgrv2z3EtxJAxwv1dLGOs=",
            "dev": true,
            "requires": {
                "object-assign": "4.1.1",
                "util": "0.10.3"
            }
        },
        "async-each": {
            "version": "1.0.3",
            "resolved": "https://registry.npm.taobao.org/async-each/download/async-each-1.0.3.tgz",
            "integrity": "sha1-tyfb+H12UWAvBvTUrDh/R9kbDL8=",
            "dev": true
        },
        "atob": {
            "version": "2.1.2",
            "resolved": "http://registry.npm.taobao.org/atob/download/atob-2.1.2.tgz",
            "integrity": "sha1-bZUX654DDSQ2ZmZR6GvZ9vE1M8k=",
            "dev": true
        },
        "big.js": {
            "version": "5.2.2",
            "resolved": "http://registry.npm.taobao.org/big.js/download/big.js-5.2.2.tgz",
            "integrity": "sha1-ZfCvOC9Xi83HQr2cKB6cstd2gyg=",
            "dev": true
        },
        "binary-extensions": {
            "version": "2.0.0",
            "resolved": "https://registry.npm.taobao.org/binary-extensions/download/binary-extensions-2.0.0.tgz",
            "integrity": "sha1-I8DfFPaogHf1+YbA0WfsA8PVU3w=",
            "dev": true
        },
        "braces": {
            "version": "3.0.2",
            "resolved": "https://registry.npm.taobao.org/braces/download/braces-3.0.2.tgz",
            "integrity": "sha1-NFThpGLujVmeI23zNs2epPiv4Qc=",
            "dev": true,
            "requires": {
                "fill-range": "7.0.1"
            }
        },
        "camelcase": {
            "version": "4.1.0",
            "resolved": "https://registry.npm.taobao.org/camelcase/download/camelcase-4.1.0.tgz",
            "integrity": "sha1-1UVjW+HjPFQmScaRc+Xeas+uNN0=",
            "dev": true
        },
        "chokidar": {
            "version": "3.0.1",
            "resolved": "https://registry.npm.taobao.org/chokidar/download/chokidar-3.0.1.tgz?cache=0&other_urls=https%3A%2F%2Fregistry.npm.taobao.org%2Fchokidar%2Fdownload%2Fchokidar-3.0.1.tgz",
            "integrity": "sha1-mP6apHbFXZrqeEHWMl/9sw6VtAw=",
            "dev": true,
            "requires": {
                "anymatch": "3.0.2",
                "async-each": "1.0.3",
                "braces": "3.0.2",
                "fsevents": "2.0.7",
                "glob-parent": "5.0.0",
                "is-binary-path": "2.1.0",
                "is-glob": "4.0.1",
                "normalize-path": "3.0.0",
                "readdirp": "3.0.2"
            }
        },
        "clone-deep": {
            "version": "2.0.2",
            "resolved": "http://registry.npm.taobao.org/clone-deep/download/clone-deep-2.0.2.tgz",
            "integrity": "sha1-ANs6Hhc2VnMNEYjD1qztbX6pdxM=",
            "dev": true,
            "requires": {
                "for-own": "1.0.0",
                "is-plain-object": "2.0.4",
                "kind-of": "6.0.2",
                "shallow-clone": "1.0.0"
            }
        },
        "convert-source-map": {
            "version": "1.6.0",
            "resolved": "http://registry.npm.taobao.org/convert-source-map/download/convert-source-map-1.6.0.tgz",
            "integrity": "sha1-UbU3qMQ+DwTewZk7/83VBOdYrCA=",
            "dev": true,
            "requires": {
                "safe-buffer": "5.1.2"
            }
        },
        "css": {
            "version": "2.2.4",
            "resolved": "https://registry.npm.taobao.org/css/download/css-2.2.4.tgz",
            "integrity": "sha1-xkZ1XHOXHyu6amAeLPL9cbEpiSk=",
            "dev": true,
            "requires": {
                "inherits": "2.0.4",
                "source-map": "0.6.1",
                "source-map-resolve": "0.5.2",
                "urix": "0.1.0"
            },
            "dependencies": {
                "inherits": {
                    "version": "2.0.4",
                    "resolved": "https://registry.npm.taobao.org/inherits/download/inherits-2.0.4.tgz?cache=0&sync_timestamp=1560975547815&other_urls=https%3A%2F%2Fregistry.npm.taobao.org%2Finherits%2Fdownload%2Finherits-2.0.4.tgz",
                    "integrity": "sha1-D6LGT5MpF8NDOg3tVTY6rjdBa3w=",
                    "dev": true
                },
                "source-map": {
                    "version": "0.6.1",
                    "resolved": "http://registry.npm.taobao.org/source-map/download/source-map-0.6.1.tgz",
                    "integrity": "sha1-dHIq8y6WFOnCh6jQu95IteLxomM=",
                    "dev": true
                }
            }
        },
        "de-indent": {
            "version": "1.0.2",
            "resolved": "http://registry.npm.taobao.org/de-indent/download/de-indent-1.0.2.tgz",
            "integrity": "sha1-sgOOhG3DO6pXlhKNCAS0VbjB4h0=",
            "dev": true
        },
        "decode-uri-component": {
            "version": "0.2.0",
            "resolved": "http://registry.npm.taobao.org/decode-uri-component/download/decode-uri-component-0.2.0.tgz",
            "integrity": "sha1-6zkTMzRYd1y4TNGh+uBiEGu4dUU=",
            "dev": true
        },
        "emojis-list": {
            "version": "2.1.0",
            "resolved": "http://registry.npm.taobao.org/emojis-list/download/emojis-list-2.1.0.tgz",
            "integrity": "sha1-TapNnbAPmBmIDHn6RXrlsJof04k=",
            "dev": true
        },
        "fill-range": {
            "version": "7.0.1",
            "resolved": "https://registry.npm.taobao.org/fill-range/download/fill-range-7.0.1.tgz",
            "integrity": "sha1-GRmmp8df44ssfHflGYU12prN2kA=",
            "dev": true,
            "requires": {
                "to-regex-range": "5.0.1"
            }
        },
        "for-in": {
            "version": "1.0.2",
            "resolved": "http://registry.npm.taobao.org/for-in/download/for-in-1.0.2.tgz",
            "integrity": "sha1-gQaNKVqBQuwKxybG4iAMMPttXoA=",
            "dev": true
        },
        "for-own": {
            "version": "1.0.0",
            "resolved": "http://registry.npm.taobao.org/for-own/download/for-own-1.0.0.tgz",
            "integrity": "sha1-xjMy9BXO3EsE2/5wz4NklMU8tEs=",
            "dev": true,
            "requires": {
                "for-in": "1.0.2"
            }
        },
        "fsevents": {
            "version": "2.0.7",
            "resolved": "https://registry.npm.taobao.org/fsevents/download/fsevents-2.0.7.tgz",
            "integrity": "sha1-OCybRDxsusTFcYfN2iOqO/HM/Co=",
            "dev": true,
            "optional": true
        },
        "glob-parent": {
            "version": "5.0.0",
            "resolved": "https://registry.npm.taobao.org/glob-parent/download/glob-parent-5.0.0.tgz",
            "integrity": "sha1-HcmfDzmwBtPpLCwoQGg4Lwwg6VQ=",
            "dev": true,
            "requires": {
                "is-glob": "4.0.1"
            }
        },
        "he": {
            "version": "1.2.0",
            "resolved": "http://registry.npm.taobao.org/he/download/he-1.2.0.tgz",
            "integrity": "sha1-hK5l+n6vsWX922FWauFLrwVmTw8=",
            "dev": true
        },
        "inherits": {
            "version": "2.0.1",
            "resolved": "https://registry.npm.taobao.org/inherits/download/inherits-2.0.1.tgz?cache=0&sync_timestamp=1560975547815&other_urls=https%3A%2F%2Fregistry.npm.taobao.org%2Finherits%2Fdownload%2Finherits-2.0.1.tgz",
            "integrity": "sha1-sX0I0ya0Qj5Wjv9xn5GwscvfafE=",
            "dev": true
        },
        "is-binary-path": {
            "version": "2.1.0",
            "resolved": "https://registry.npm.taobao.org/is-binary-path/download/is-binary-path-2.1.0.tgz",
            "integrity": "sha1-6h9/O4DwZCNug0cPhsCcJU+0Wwk=",
            "dev": true,
            "requires": {
                "binary-extensions": "2.0.0"
            }
        },
        "is-extendable": {
            "version": "0.1.1",
            "resolved": "http://registry.npm.taobao.org/is-extendable/download/is-extendable-0.1.1.tgz",
            "integrity": "sha1-YrEQ4omkcUGOPsNqYX1HLjAd/Ik=",
            "dev": true
        },
        "is-extglob": {
            "version": "2.1.1",
            "resolved": "http://registry.npm.taobao.org/is-extglob/download/is-extglob-2.1.1.tgz",
            "integrity": "sha1-qIwCU1eR8C7TfHahueqXc8gz+MI=",
            "dev": true
        },
        "is-glob": {
            "version": "4.0.1",
            "resolved": "https://registry.npm.taobao.org/is-glob/download/is-glob-4.0.1.tgz",
            "integrity": "sha1-dWfb6fL14kZ7x3q4PEopSCQHpdw=",
            "dev": true,
            "requires": {
                "is-extglob": "2.1.1"
            }
        },
        "is-number": {
            "version": "7.0.0",
            "resolved": "http://registry.npm.taobao.org/is-number/download/is-number-7.0.0.tgz",
            "integrity": "sha1-dTU0W4lnNNX4DE0GxQlVUnoU8Ss=",
            "dev": true
        },
        "is-plain-object": {
            "version": "2.0.4",
            "resolved": "https://registry.npm.taobao.org/is-plain-object/download/is-plain-object-2.0.4.tgz",
            "integrity": "sha1-LBY7P6+xtgbZ0Xko8FwqHDjgdnc=",
            "dev": true,
            "requires": {
                "isobject": "3.0.1"
            }
        },
        "isobject": {
            "version": "3.0.1",
            "resolved": "https://registry.npm.taobao.org/isobject/download/isobject-3.0.1.tgz",
            "integrity": "sha1-TkMekrEalzFjaqH5yNHMvP2reN8=",
            "dev": true
        },
        "json5": {
            "version": "1.0.1",
            "resolved": "http://registry.npm.taobao.org/json5/download/json5-1.0.1.tgz",
            "integrity": "sha1-d5+wAYYE+oVOrL9iUhgNg1Q+Pb4=",
            "dev": true,
            "requires": {
                "minimist": "1.2.0"
            }
        },
        "kind-of": {
            "version": "6.0.2",
            "resolved": "http://registry.npm.taobao.org/kind-of/download/kind-of-6.0.2.tgz",
            "integrity": "sha1-ARRrNqYhjmTljzqNZt5df8b20FE=",
            "dev": true
        },
        "loader-utils": {
            "version": "1.2.3",
            "resolved": "http://registry.npm.taobao.org/loader-utils/download/loader-utils-1.2.3.tgz",
            "integrity": "sha1-H/XcaRHJ8KBiUxpMBLYJQGEIwsc=",
            "dev": true,
            "requires": {
                "big.js": "5.2.2",
                "emojis-list": "2.1.0",
                "json5": "1.0.1"
            }
        },
        "lodash._baseassign": {
            "version": "3.2.0",
            "resolved": "https://registry.npm.taobao.org/lodash._baseassign/download/lodash._baseassign-3.2.0.tgz",
            "integrity": "sha1-jDigmVAPIVrQnlnxci/QxSv+Ck4=",
            "dev": true,
            "requires": {
                "lodash._basecopy": "3.0.1",
                "lodash.keys": "3.1.2"
            }
        },
        "lodash._basecopy": {
            "version": "3.0.1",
            "resolved": "https://registry.npm.taobao.org/lodash._basecopy/download/lodash._basecopy-3.0.1.tgz",
            "integrity": "sha1-jaDmqHbPNEwK2KVIghEd08XHyjY=",
            "dev": true
        },
        "lodash._bindcallback": {
            "version": "3.0.1",
            "resolved": "https://registry.npm.taobao.org/lodash._bindcallback/download/lodash._bindcallback-3.0.1.tgz",
            "integrity": "sha1-5THCdkTPi1epnhftlbNcdIeJOS4=",
            "dev": true
        },
        "lodash._createassigner": {
            "version": "3.1.1",
            "resolved": "https://registry.npm.taobao.org/lodash._createassigner/download/lodash._createassigner-3.1.1.tgz?cache=0&other_urls=https%3A%2F%2Fregistry.npm.taobao.org%2Flodash._createassigner%2Fdownload%2Flodash._createassigner-3.1.1.tgz",
            "integrity": "sha1-g4pbri/aymOsIt7o4Z+k5taXCxE=",
            "dev": true,
            "requires": {
                "lodash._bindcallback": "3.0.1",
                "lodash._isiterateecall": "3.0.9",
                "lodash.restparam": "3.6.1"
            }
        },
        "lodash._getnative": {
            "version": "3.9.1",
            "resolved": "http://registry.npm.taobao.org/lodash._getnative/download/lodash._getnative-3.9.1.tgz",
            "integrity": "sha1-VwvH3t5G1hzc3mh9ZdPuy6o6r/U=",
            "dev": true
        },
        "lodash._isiterateecall": {
            "version": "3.0.9",
            "resolved": "https://registry.npm.taobao.org/lodash._isiterateecall/download/lodash._isiterateecall-3.0.9.tgz",
            "integrity": "sha1-UgOte6Ql+uhCRg5pbbnPPmqsBXw=",
            "dev": true
        },
        "lodash.assign": {
            "version": "4.2.0",
            "resolved": "http://registry.npm.taobao.org/lodash.assign/download/lodash.assign-4.2.0.tgz",
            "integrity": "sha1-DZnzzNem0mHRm9rrkkUAXShYCOc=",
            "dev": true
        },
        "lodash.defaults": {
            "version": "4.2.0",
            "resolved": "http://registry.npm.taobao.org/lodash.defaults/download/lodash.defaults-4.2.0.tgz",
            "integrity": "sha1-0JF4cW/+pN3p5ft7N/bwgCJ0WAw=",
            "dev": true
        },
        "lodash.isarguments": {
            "version": "3.1.0",
            "resolved": "http://registry.npm.taobao.org/lodash.isarguments/download/lodash.isarguments-3.1.0.tgz",
            "integrity": "sha1-L1c9hcaiQon/AGY7SRwdM4/zRYo=",
            "dev": true
        },
        "lodash.isarray": {
            "version": "3.0.4",
            "resolved": "http://registry.npm.taobao.org/lodash.isarray/download/lodash.isarray-3.0.4.tgz",
            "integrity": "sha1-eeTriMNqgSKvhvhEqpvNhRtfu1U=",
            "dev": true
        },
        "lodash.keys": {
            "version": "3.1.2",
            "resolved": "http://registry.npm.taobao.org/lodash.keys/download/lodash.keys-3.1.2.tgz",
            "integrity": "sha1-TbwEcrFWvlCgsoaFXRvQsMZWCYo=",
            "dev": true,
            "requires": {
                "lodash._getnative": "3.9.1",
                "lodash.isarguments": "3.1.0",
                "lodash.isarray": "3.0.4"
            }
        },
        "lodash.restparam": {
            "version": "3.6.1",
            "resolved": "https://registry.npm.taobao.org/lodash.restparam/download/lodash.restparam-3.6.1.tgz?cache=0&other_urls=https%3A%2F%2Fregistry.npm.taobao.org%2Flodash.restparam%2Fdownload%2Flodash.restparam-3.6.1.tgz",
            "integrity": "sha1-k2pOMJ7zMKdkXtQUWYbIWuWyCAU=",
            "dev": true
        },
        "lodash.tail": {
            "version": "4.1.1",
            "resolved": "http://registry.npm.taobao.org/lodash.tail/download/lodash.tail-4.1.1.tgz",
            "integrity": "sha1-0jM6NtnncXyK0vfKyv7HwytERmQ=",
            "dev": true
        },
        "minimist": {
            "version": "1.2.0",
            "resolved": "http://registry.npm.taobao.org/minimist/download/minimist-1.2.0.tgz",
            "integrity": "sha1-o1AIsg9BOD7sH7kU9M1d95omQoQ=",
            "dev": true
        },
        "mixin-object": {
            "version": "2.0.1",
            "resolved": "http://registry.npm.taobao.org/mixin-object/download/mixin-object-2.0.1.tgz",
            "integrity": "sha1-T7lJRB2rGCVA8f4DW6YOGUel5X4=",
            "dev": true,
            "requires": {
                "for-in": "0.1.8",
                "is-extendable": "0.1.1"
            },
            "dependencies": {
                "for-in": {
                    "version": "0.1.8",
                    "resolved": "http://registry.npm.taobao.org/for-in/download/for-in-0.1.8.tgz",
                    "integrity": "sha1-2Hc5COMSVhCZUrH9ubP6hn0ndeE=",
                    "dev": true
                }
            }
        },
        "neo-async": {
            "version": "2.6.1",
            "resolved": "https://registry.npm.taobao.org/neo-async/download/neo-async-2.6.1.tgz?cache=0&other_urls=https%3A%2F%2Fregistry.npm.taobao.org%2Fneo-async%2Fdownload%2Fneo-async-2.6.1.tgz",
            "integrity": "sha1-rCetpmFn+ohJpq3dg39rGJrSCBw=",
            "dev": true
        },
        "normalize-path": {
            "version": "3.0.0",
            "resolved": "http://registry.npm.taobao.org/normalize-path/download/normalize-path-3.0.0.tgz",
            "integrity": "sha1-Dc1p/yOhybEf0JeDFmRKA4ghamU=",
            "dev": true
        },
        "object-assign": {
            "version": "4.1.1",
            "resolved": "http://registry.npm.taobao.org/object-assign/download/object-assign-4.1.1.tgz",
            "integrity": "sha1-IQmtx5ZYh8/AXLvUQsrIv7s2CGM=",
            "dev": true
        },
        "object-path": {
            "version": "0.9.2",
            "resolved": "https://registry.npm.taobao.org/object-path/download/object-path-0.9.2.tgz",
            "integrity": "sha1-D9mnT8X60a45aLWGvaXGMr1sBaU=",
            "dev": true
        },
        "picomatch": {
            "version": "2.0.7",
            "resolved": "https://registry.npm.taobao.org/picomatch/download/picomatch-2.0.7.tgz",
            "integrity": "sha1-UUFp2MfNC9vuzIomCeNKcWPeafY=",
            "dev": true
        },
        "pify": {
            "version": "3.0.0",
            "resolved": "http://registry.npm.taobao.org/pify/download/pify-3.0.0.tgz",
            "integrity": "sha1-5aSs0sEB/fPZpNB/DbxNtJ3SgXY=",
            "dev": true
        },
        "readdirp": {
            "version": "3.0.2",
            "resolved": "https://registry.npm.taobao.org/readdirp/download/readdirp-3.0.2.tgz",
            "integrity": "sha1-y6YzSOnkL8G9M0sdLviVtqBDy9Y=",
            "dev": true,
            "requires": {
                "picomatch": "2.0.7"
            }
        },
        "regex-parser": {
            "version": "2.2.10",
            "resolved": "https://registry.npm.taobao.org/regex-parser/download/regex-parser-2.2.10.tgz",
            "integrity": "sha1-nmao9z2JoQdhbmOznU3t3+6RKzc=",
            "dev": true
        },
        "resolve-url": {
            "version": "0.2.1",
            "resolved": "http://registry.npm.taobao.org/resolve-url/download/resolve-url-0.2.1.tgz",
            "integrity": "sha1-LGN/53yJOv0qZj/iGqkIAGjiBSo=",
            "dev": true
        },
        "resolve-url-loader": {
            "version": "2.3.1",
            "resolved": "https://registry.npm.taobao.org/resolve-url-loader/download/resolve-url-loader-2.3.1.tgz",
            "integrity": "sha1-tGL8eniiK68+5GJWjY/112b38do=",
            "dev": true,
            "requires": {
                "adjust-sourcemap-loader": "1.2.0",
                "camelcase": "4.1.0",
                "convert-source-map": "1.6.0",
                "loader-utils": "1.2.3",
                "lodash.defaults": "4.2.0",
                "rework": "1.0.1",
                "rework-visit": "1.0.0",
                "source-map": "0.5.7",
                "urix": "0.1.0"
            }
        },
        "rework": {
            "version": "1.0.1",
            "resolved": "https://registry.npm.taobao.org/rework/download/rework-1.0.1.tgz",
            "integrity": "sha1-MIBqhBNCtUUQqkEQhQzUhTQUSqc=",
            "dev": true,
            "requires": {
                "convert-source-map": "0.3.5",
                "css": "2.2.4"
            },
            "dependencies": {
                "convert-source-map": {
                    "version": "0.3.5",
                    "resolved": "http://registry.npm.taobao.org/convert-source-map/download/convert-source-map-0.3.5.tgz",
                    "integrity": "sha1-8dgClQr33SYxof6+BZZVDIarMZA=",
                    "dev": true
                }
            }
        },
        "rework-visit": {
            "version": "1.0.0",
            "resolved": "https://registry.npm.taobao.org/rework-visit/download/rework-visit-1.0.0.tgz",
            "integrity": "sha1-mUWygD8hni96ygCtuLyfZA+ELJo=",
            "dev": true
        },
        "safe-buffer": {
            "version": "5.1.2",
            "resolved": "http://registry.npm.taobao.org/safe-buffer/download/safe-buffer-5.1.2.tgz",
            "integrity": "sha1-mR7GnSluAxN0fVm9/St0XDX4go0=",
            "dev": true
        },
        "sass": {
            "version": "1.22.1",
            "resolved": "https://registry.npm.taobao.org/sass/download/sass-1.22.1.tgz",
            "integrity": "sha1-ncPLLqN9Ev7JTvXA4REgVfI+W8g=",
            "dev": true,
            "requires": {
                "chokidar": "3.0.1"
            }
        },
        "sass-loader": {
            "version": "7.1.0",
            "resolved": "http://registry.npm.taobao.org/sass-loader/download/sass-loader-7.1.0.tgz",
            "integrity": "sha1-Fv1ROMuLQkv4p1lSihly1yqtBp0=",
            "dev": true,
            "requires": {
                "clone-deep": "2.0.2",
                "loader-utils": "1.2.3",
                "lodash.tail": "4.1.1",
                "neo-async": "2.6.1",
                "pify": "3.0.0",
                "semver": "5.7.0"
            }
        },
        "semver": {
            "version": "5.7.0",
            "resolved": "https://registry.npm.taobao.org/semver/download/semver-5.7.0.tgz",
            "integrity": "sha1-eQp89v6lRZuslhELKbYEEtyP+Ws=",
            "dev": true
        },
        "shallow-clone": {
            "version": "1.0.0",
            "resolved": "https://registry.npm.taobao.org/shallow-clone/download/shallow-clone-1.0.0.tgz",
            "integrity": "sha1-RIDNBuiC72iyrYij6lSDLixItXE=",
            "dev": true,
            "requires": {
                "is-extendable": "0.1.1",
                "kind-of": "5.1.0",
                "mixin-object": "2.0.1"
            },
            "dependencies": {
                "kind-of": {
                    "version": "5.1.0",
                    "resolved": "http://registry.npm.taobao.org/kind-of/download/kind-of-5.1.0.tgz",
                    "integrity": "sha1-cpyR4thXt6QZofmqZWhcTDP1hF0=",
                    "dev": true
                }
            }
        },
        "source-map": {
            "version": "0.5.7",
            "resolved": "http://registry.npm.taobao.org/source-map/download/source-map-0.5.7.tgz",
            "integrity": "sha1-igOdLRAh0i0eoUyA2OpGi6LvP8w=",
            "dev": true
        },
        "source-map-resolve": {
            "version": "0.5.2",
            "resolved": "http://registry.npm.taobao.org/source-map-resolve/download/source-map-resolve-0.5.2.tgz",
            "integrity": "sha1-cuLMNAlVQ+Q7LGKyxMENSpBU8lk=",
            "dev": true,
            "requires": {
                "atob": "2.1.2",
                "decode-uri-component": "0.2.0",
                "resolve-url": "0.2.1",
                "source-map-url": "0.4.0",
                "urix": "0.1.0"
            }
        },
        "source-map-url": {
            "version": "0.4.0",
            "resolved": "http://registry.npm.taobao.org/source-map-url/download/source-map-url-0.4.0.tgz",
            "integrity": "sha1-PpNdfd1zYxuXZZlW1VEo6HtQhKM=",
            "dev": true
        },
        "to-regex-range": {
            "version": "5.0.1",
            "resolved": "https://registry.npm.taobao.org/to-regex-range/download/to-regex-range-5.0.1.tgz",
            "integrity": "sha1-FkjESq58jZiKMmAY7XL1tN0DkuQ=",
            "dev": true,
            "requires": {
                "is-number": "7.0.0"
            }
        },
        "urix": {
            "version": "0.1.0",
            "resolved": "http://registry.npm.taobao.org/urix/download/urix-0.1.0.tgz",
            "integrity": "sha1-2pN/emLiH+wf0Y1Js1wpNQZ6bHI=",
            "dev": true
        },
        "util": {
            "version": "0.10.3",
            "resolved": "https://registry.npm.taobao.org/util/download/util-0.10.3.tgz?cache=0&other_urls=https%3A%2F%2Fregistry.npm.taobao.org%2Futil%2Fdownload%2Futil-0.10.3.tgz",
            "integrity": "sha1-evsa/lCAUkZInj23/g7TeTNqwPk=",
            "dev": true,
            "requires": {
                "inherits": "2.0.1"
            }
        },
        "vue-template-compiler": {
            "version": "2.6.10",
            "resolved": "https://registry.npm.taobao.org/vue-template-compiler/download/vue-template-compiler-2.6.10.tgz",
            "integrity": "sha1-MjtPNJXwT6o1AzN6gvXWUHeZycw=",
            "dev": true,
            "requires": {
                "de-indent": "1.0.2",
                "he": "1.2.0"
            }
        }
    }
}
